// !$*UTF8*$!
{
	archiveVersion = 1;
	classes = {
	};
	objectVersion = 46;
	objects = {

/* Begin PBXBuildFile section */
		CF628BAE1C6ABECD0086B127 /* D2Q9.c in Sources */ = {isa = PBXBuildFile; fileRef = CF628BAD1C6ABECD0086B127 /* D2Q9.c */; };
		CF628BB71C6BE3480086B127 /* Makefile in Sources */ = {isa = PBXBuildFile; fileRef = CF628BB61C6BE3480086B127 /* Makefile */; settings = {ASSET_TAGS = (); }; };
/* End PBXBuildFile section */

/* Begin PBXCopyFilesBuildPhase section */
		CF628BA81C6ABECD0086B127 /* CopyFiles */ = {
			isa = PBXCopyFilesBuildPhase;
			buildActionMask = 2147483647;
			dstPath = /usr/share/man/man1/;
			dstSubfolderSpec = 0;
			files = (
			);
			runOnlyForDeploymentPostprocessing = 1;
		};
/* End PBXCopyFilesBuildPhase section */

/* Begin PBXFileReference section */
		CF1972BA1CAC8C7900CABBF0 /* en */ = {isa = PBXFileReference; lastKnownFileType = text; name = en; path = en.lproj/LBM_D2Q9; sourceTree = "<group>"; };
		CF628BAA1C6ABECD0086B127 /* LBM_D2Q9 */ = {isa = PBXFileReference; includeInIndex = 0; lastKnownFileType = text; name = LBM_D2Q9; path = /Users/juvenal/Documents/Tesis/LBM_D2Q9/build/Debug/LBM_D2Q9; sourceTree = "<absolute>"; };
		CF628BAD1C6ABECD0086B127 /* D2Q9.c */ = {isa = PBXFileReference; lastKnownFileType = sourcecode.c.c; path = D2Q9.c; sourceTree = "<group>"; };
		CF628BB51C6ABF9E0086B127 /* D2Q9.h */ = {isa = PBXFileReference; fileEncoding = 4; lastKnownFileType = sourcecode.c.h; path = D2Q9.h; sourceTree = "<group>"; };
		CF628BB61C6BE3480086B127 /* Makefile */ = {isa = PBXFileReference; fileEncoding = 4; lastKnownFileType = sourcecode.make; path = Makefile; sourceTree = "<group>"; usesTabs = 1; };
/* End PBXFileReference section */

/* Begin PBXFrameworksBuildPhase section */
		CF628BA71C6ABECD0086B127 /* Frameworks */ = {
			isa = PBXFrameworksBuildPhase;
			buildActionMask = 2147483647;
			files = (
			);
			runOnlyForDeploymentPostprocessing = 0;
		};
/* End PBXFrameworksBuildPhase section */

/* Begin PBXGroup section */
		CF628BA11C6ABECD0086B127 = {
			isa = PBXGroup;
			children = (
				CF628BAC1C6ABECD0086B127 /* LBM_D2Q9 */,
				CF628BAB1C6ABECD0086B127 /* Products */,
			);
			sourceTree = "<group>";
		};
		CF628BAB1C6ABECD0086B127 /* Products */ = {
			isa = PBXGroup;
			children = (
				CF1972BB1CAC8C7900CABBF0 /* LBM_D2Q9 */,
			);
			name = Products;
			sourceTree = "<group>";
		};
		CF628BAC1C6ABECD0086B127 /* LBM_D2Q9 */ = {
			isa = PBXGroup;
			children = (
				CF628BAD1C6ABECD0086B127 /* D2Q9.c */,
				CF628BB51C6ABF9E0086B127 /* D2Q9.h */,
				CF628BB61C6BE3480086B127 /* Makefile */,
			);
			path = LBM_D2Q9;
			sourceTree = "<group>";
		};
/* End PBXGroup section */

/* Begin PBXNativeTarget section */
		CF628BA91C6ABECD0086B127 /* LBM_D2Q9 */ = {
			isa = PBXNativeTarget;
			buildConfigurationList = CF628BB11C6ABECD0086B127 /* Build configuration list for PBXNativeTarget "LBM_D2Q9" */;
			buildPhases = (
				CF628BA61C6ABECD0086B127 /* Sources */,
				CF628BA71C6ABECD0086B127 /* Frameworks */,
				CF628BA81C6ABECD0086B127 /* CopyFiles */,
			);
			buildRules = (
			);
			dependencies = (
			);
			name = LBM_D2Q9;
			productName = LBM_D2Q9;
			productReference = CF628BAA1C6ABECD0086B127 /* LBM_D2Q9 */;
			productType = "com.apple.product-type.tool";
		};
/* End PBXNativeTarget section */

/* Begin PBXProject section */
		CF628BA21C6ABECD0086B127 /* Project object */ = {
			isa = PBXProject;
			attributes = {
				LastUpgradeCheck = 0700;
				ORGANIZATIONNAME = Juvenal;
				TargetAttributes = {
					CF628BA91C6ABECD0086B127 = {
						CreatedOnToolsVersion = 7.0;
					};
				};
			};
			buildConfigurationList = CF628BA51C6ABECD0086B127 /* Build configuration list for PBXProject "LBM_D2Q9" */;
			compatibilityVersion = "Xcode 3.2";
			developmentRegion = English;
			hasScannedForEncodings = 0;
			knownRegions = (
				en,
			);
			mainGroup = CF628BA11C6ABECD0086B127;
			productRefGroup = CF628BAB1C6ABECD0086B127 /* Products */;
			projectDirPath = "";
			projectRoot = "";
			targets = (
				CF628BA91C6ABECD0086B127 /* LBM_D2Q9 */,
			);
		};
/* End PBXProject section */

/* Begin PBXSourcesBuildPhase section */
		CF628BA61C6ABECD0086B127 /* Sources */ = {
			isa = PBXSourcesBuildPhase;
			buildActionMask = 2147483647;
			files = (
				CF628BB71C6BE3480086B127 /* Makefile in Sources */,
				CF628BAE1C6ABECD0086B127 /* D2Q9.c in Sources */,
			);
			runOnlyForDeploymentPostprocessing = 0;
		};
/* End PBXSourcesBuildPhase section */

/* Begin PBXVariantGroup section */
		CF1972BB1CAC8C7900CABBF0 /* LBM_D2Q9 */ = {
			isa = PBXVariantGroup;
			children = (
				CF1972BA1CAC8C7900CABBF0 /* en */,
			);
			name = LBM_D2Q9;
			sourceTree = BUILT_PRODUCTS_DIR;
		};
/* End PBXVariantGroup section */

/* Begin XCBuildConfiguration section */
		CF628BAF1C6ABECD0086B127 /* Debug */ = {
			isa = XCBuildConfiguration;
			buildSettings = {
				ALWAYS_SEARCH_USER_PATHS = NO;
				CLANG_CXX_LANGUAGE_STANDARD = "gnu++0x";
				CLANG_CXX_LIBRARY = "libc++";
				CLANG_ENABLE_MODULES = YES;
				CLANG_ENABLE_OBJC_ARC = YES;
				CLANG_WARN_BOOL_CONVERSION = YES;
				CLANG_WARN_CONSTANT_CONVERSION = YES;
				CLANG_WARN_DIRECT_OBJC_ISA_USAGE = YES_ERROR;
				CLANG_WARN_EMPTY_BODY = YES;
				CLANG_WARN_ENUM_CONVERSION = YES;
				CLANG_WARN_INT_CONVERSION = YES;
				CLANG_WARN_OBJC_ROOT_CLASS = YES_ERROR;
				CLANG_WARN_UNREACHABLE_CODE = YES;
				CLANG_WARN__DUPLICATE_METHOD_MATCH = YES;
				COPY_PHASE_STRIP = NO;
				DEBUG_INFORMATION_FORMAT = dwarf;
				ENABLE_STRICT_OBJC_MSGSEND = YES;
				ENABLE_TESTABILITY = YES;
				GCC_C_LANGUAGE_STANDARD = gnu99;
				GCC_DYNAMIC_NO_PIC = NO;
				GCC_NO_COMMON_BLOCKS = YES;
				GCC_OPTIMIZATION_LEVEL = 0;
				GCC_PREPROCESSOR_DEFINITIONS = (
					"DEBUG=1",
					"$(inherited)",
				);
				GCC_WARN_64_TO_32_BIT_CONVERSION = YES;
				GCC_WARN_ABOUT_RETURN_TYPE = YES_ERROR;
				GCC_WARN_UNDECLARED_SELECTOR = YES;
				GCC_WARN_UNINITIALIZED_AUTOS = YES_AGGRESSIVE;
				GCC_WARN_UNUSED_FUNCTION = YES;
				GCC_WARN_UNUSED_VARIABLE = YES;
				MACOSX_DEPLOYMENT_TARGET = 10.10;
				MTL_ENABLE_DEBUG_INFO = YES;
				ONLY_ACTIVE_ARCH = YES;
				SDKROOT = macosx;
			};
			name = Debug;
		};
		CF628BB01C6ABECD0086B127 /* Release */ = {
			isa = XCBuildConfiguration;
			buildSettings = {
				ALWAYS_SEARCH_USER_PATHS = NO;
				CLANG_CXX_LANGUAGE_STANDARD = "gnu++0x";
				CLANG_CXX_LIBRARY = "libc++";
				CLANG_ENABLE_MODULES = YES;
				CLANG_ENABLE_OBJC_ARC = YES;
				CLANG_WARN_BOOL_CONVERSION = YES;
				CLANG_WARN_CONSTANT_CONVERSION = YES;
				CLANG_WARN_DIRECT_OBJC_ISA_USAGE = YES_ERROR;
				CLANG_WARN_EMPTY_BODY = YES;
				CLANG_WARN_ENUM_CONVERSION = YES;
				CLANG_WARN_INT_CONVERSION = YES;
				CLANG_WARN_OBJC_ROOT_CLASS = YES_ERROR;
				CLANG_WARN_UNREACHABLE_CODE = YES;
				CLANG_WARN__DUPLICATE_METHOD_MATCH = YES;
				COPY_PHASE_STRIP = NO;
				DEBUG_INFORMATION_FORMAT = "dwarf-with-dsym";
				ENABLE_NS_ASSERTIONS = NO;
				ENABLE_STRICT_OBJC_MSGSEND = YES;
				GCC_C_LANGUAGE_STANDARD = gnu99;
				GCC_NO_COMMON_BLOCKS = YES;
				GCC_WARN_64_TO_32_BIT_CONVERSION = YES;
				GCC_WARN_ABOUT_RETURN_TYPE = YES_ERROR;
				GCC_WARN_UNDECLARED_SELECTOR = YES;
				GCC_WARN_UNINITIALIZED_AUTOS = YES_AGGRESSIVE;
				GCC_WARN_UNUSED_FUNCTION = YES;
				GCC_WARN_UNUSED_VARIABLE = YES;
				MACOSX_DEPLOYMENT_TARGET = 10.10;
				MTL_ENABLE_DEBUG_INFO = NO;
				SDKROOT = macosx;
			};
			name = Release;
		};
		CF628BB21C6ABECD0086B127 /* Debug */ = {
			isa = XCBuildConfiguration;
			buildSettings = {
				PRODUCT_NAME = "$(TARGET_NAME)";
			};
			name = Debug;
		};
		CF628BB31C6ABECD0086B127 /* Release */ = {
			isa = XCBuildConfiguration;
			buildSettings = {
				PRODUCT_NAME = "$(TARGET_NAME)";
			};
			name = Release;
		};
/* End XCBuildConfiguration section */

/* Begin XCConfigurationList section */
		CF628BA51C6ABECD0086B127 /* Build configuration list for PBXProject "LBM_D2Q9" */ = {
			isa = XCConfigurationList;
			buildConfigurations = (
				CF628BAF1C6ABECD0086B127 /* Debug */,
				CF628BB01C6ABECD0086B127 /* Release */,
			);
			defaultConfigurationIsVisible = 0;
			defaultConfigurationName = Release;
		};
		CF628BB11C6ABECD0086B127 /* Build configuration list for PBXNativeTarget "LBM_D2Q9" */ = {
			isa = XCConfigurationList;
			buildConfigurations = (
				CF628BB21C6ABECD0086B127 /* Debug */,
				CF628BB31C6ABECD0086B127 /* Release */,
			);
			defaultConfigurationIsVisible = 0;
			defaultConfigurationName = Release;
		};
/* End XCConfigurationList section */
	};
	rootObject = CF628BA21C6ABECD0086B127 /* Project object */;
}
